# THIS IS AN AUTOGENERATED FILE. DO NOT EDIT THIS FILE DIRECTLY.
# yarn lockfile v1


"@openzeppelin/contracts@^4.9.3":
  "integrity" "sha512-He3LieZ1pP2TNt5JbkPA4PNT9WC3gOTOlDcFGJW4Le4QKqwmiNJCRt44APfxMxvq7OugU/cqYuPcSBzOw38DAg=="
  "resolved" "https://registry.npmjs.org/@openzeppelin/contracts/-/contracts-4.9.3.tgz"
  "version" "4.9.3"

"ansi-regex@^5.0.1":
  "integrity" "sha512-quJQXlTSUGL2LH9SUXo8VwsY4soanhgo6LNSm84E1LBcE8s3O0wpdiRzyR9z/ZZJMlMWv37qOOb9pdJlMUEKFQ=="
  "resolved" "https://registry.npmjs.org/ansi-regex/-/ansi-regex-5.0.1.tgz"
  "version" "5.0.1"

<<<<<<< Updated upstream
"ansi-styles@^4.0.0", "ansi-styles@^4.1.0":
  "integrity" "sha512-zbB9rCJAT1rbjiVDb2hqKFHNYLxgtk8NURxZ3IZwD3F6NtxbXZQCnnSi1Lkx+IDohdPlFp222wVALIheZJQSEg=="
  "resolved" "https://registry.npmjs.org/ansi-styles/-/ansi-styles-4.3.0.tgz"
  "version" "4.3.0"
=======
"@noble/curves@1.1.0", "@noble/curves@~1.1.0":
  version "1.1.0"
  resolved "https://registry.npmjs.org/@noble/curves/-/curves-1.1.0.tgz"
  integrity sha512-091oBExgENk/kGj3AZmtBDMpxQPDtxQABR2B9lb1JbVTs6ytdzZNwvhxQ4MWasRNEzlbEH8jCWFCwhF/Obj5AA==
>>>>>>> Stashed changes
  dependencies:
    "color-convert" "^2.0.1"

<<<<<<< Updated upstream
"chalk@^4.1.0":
  "integrity" "sha512-oKnbhFyRIXpUuez8iBMmyEa4nbj4IOQyuhc/wy9kY7/WVPcwIO9VA668Pu8RkO7+0G76SLROeyw9CpQ061i4mA=="
  "resolved" "https://registry.npmjs.org/chalk/-/chalk-4.1.2.tgz"
  "version" "4.1.2"
=======
"@noble/hashes@1.3.1":
  version "1.3.1"
  resolved "https://registry.npmjs.org/@noble/hashes/-/hashes-1.3.1.tgz"
  integrity sha512-EbqwksQwz9xDRGfDST86whPBgM65E0OH/pCgqW0GBVzO22bNE+NuIbeTb714+IfSjU3aRk47EUvXIb5bTsenKA==

"@noble/hashes@~1.3.0", "@noble/hashes@~1.3.1":
  version "1.3.2"
  resolved "https://registry.npmjs.org/@noble/hashes/-/hashes-1.3.2.tgz"
  integrity sha512-MVC8EAQp7MvEcm30KWENFjgR+Mkmf+D189XJTkFIlwohU5hcBbn1ZkKq7KVTi2Hme3PMGF390DaL52beVrIihQ==

"@openzeppelin/contracts@^5.0.0":
  version "5.0.0"
  resolved "https://registry.npmjs.org/@openzeppelin/contracts/-/contracts-5.0.0.tgz"
  integrity sha512-bv2sdS6LKqVVMLI5+zqnNrNU/CA+6z6CmwFXm/MzmOPBRSO5reEJN7z0Gbzvs0/bv/MZZXNklubpwy3v2+azsw==

"@scure/base@~1.1.0":
  version "1.1.3"
  resolved "https://registry.npmjs.org/@scure/base/-/base-1.1.3.tgz"
  integrity sha512-/+SgoRjLq7Xlf0CWuLHq2LUZeL/w65kfzAPG5NH9pcmBhs+nunQTn4gvdwgMTIXnt9b2C/1SeL2XiysZEyIC9Q==

"@scure/bip32@1.3.1":
  version "1.3.1"
  resolved "https://registry.npmjs.org/@scure/bip32/-/bip32-1.3.1.tgz"
  integrity sha512-osvveYtyzdEVbt3OfwwXFr4P2iVBL5u1Q3q4ONBfDY/UpOuXmOlbgwc1xECEboY8wIays8Yt6onaWMUdUbfl0A==
>>>>>>> Stashed changes
  dependencies:
    "ansi-styles" "^4.1.0"
    "supports-color" "^7.1.0"

"cliui@^8.0.1":
  "integrity" "sha512-BSeNnyus75C4//NQ9gQt1/csTXyo/8Sb+afLAkzAptFuMsod9HFokGNudZpi/oQV73hnVK+sR+5PVRMd+Dr7YQ=="
  "resolved" "https://registry.npmjs.org/cliui/-/cliui-8.0.1.tgz"
  "version" "8.0.1"
  dependencies:
    "string-width" "^4.2.0"
    "strip-ansi" "^6.0.1"
    "wrap-ansi" "^7.0.0"

"color-convert@^2.0.1":
  "integrity" "sha512-RRECPsj7iu/xb5oKYcsFHSppFNnsj/52OVTRKb4zP5onXwVF3zVmmToNcOfGC+CRDpfK/U584fMg38ZHCaElKQ=="
  "resolved" "https://registry.npmjs.org/color-convert/-/color-convert-2.0.1.tgz"
  "version" "2.0.1"
  dependencies:
    "color-name" "~1.1.4"

"color-name@~1.1.4":
  "integrity" "sha512-dOy+3AuW3a2wNbZHIuMZpTcgjGuLU/uBL/ubcZF9OXbDo8ff4O8yVp5Bf0efS8uEoYo5q4Fx7dY9OgQGXgAsQA=="
  "resolved" "https://registry.npmjs.org/color-name/-/color-name-1.1.4.tgz"
  "version" "1.1.4"

"concurrently@^7.5.0":
  "integrity" "sha512-5E3mwiS+i2JYBzr5BpXkFxOnleZTMsG+WnE/dCG4/P+oiVXrbmrBwJ2ozn4SxwB2EZDrKR568X+puVohxz3/Mg=="
  "resolved" "https://registry.npmjs.org/concurrently/-/concurrently-7.5.0.tgz"
  "version" "7.5.0"
  dependencies:
    "chalk" "^4.1.0"
    "date-fns" "^2.29.1"
    "lodash" "^4.17.21"
    "rxjs" "^7.0.0"
    "shell-quote" "^1.7.3"
    "spawn-command" "^0.0.2-1"
    "supports-color" "^8.1.0"
    "tree-kill" "^1.2.2"
    "yargs" "^17.3.1"

"date-fns@^2.29.1":
  "integrity" "sha512-dDCnyH2WnnKusqvZZ6+jA1O51Ibt8ZMRNkDZdyAyK4YfbDwa/cEmuztzG5pk6hqlp9aSBPYcjOlktquahGwGeA=="
  "resolved" "https://registry.npmjs.org/date-fns/-/date-fns-2.29.3.tgz"
  "version" "2.29.3"

"emoji-regex@^8.0.0":
  "integrity" "sha512-MSjYzcWNOA0ewAHpz0MxpYFvwg6yjy1NG3xteoqz644VCo/RPgnr1/GGt+ic3iJTzQ8Eu3TdM14SawnVUmGE6A=="
  "resolved" "https://registry.npmjs.org/emoji-regex/-/emoji-regex-8.0.0.tgz"
  "version" "8.0.0"

"escalade@^3.1.1":
  "integrity" "sha512-k0er2gUkLf8O0zKJiAhmkTnJlTvINGv7ygDNPbeIsX/TJjGJZHuh9B2UxbsaEkmlEo9MfhrSzmhIlhRlI2GXnw=="
  "resolved" "https://registry.npmjs.org/escalade/-/escalade-3.1.1.tgz"
  "version" "3.1.1"

"get-caller-file@^2.0.5":
  "integrity" "sha512-DyFP3BM/3YHTQOCUL/w0OZHR0lpKeGrxotcHWcqNEdnltqFwXVfhEBQ94eIo34AfQpo0rGki4cyIiftY06h2Fg=="
  "resolved" "https://registry.npmjs.org/get-caller-file/-/get-caller-file-2.0.5.tgz"
  "version" "2.0.5"

"has-flag@^4.0.0":
  "integrity" "sha512-EykJT/Q1KjTWctppgIAgfSO0tKVuZUjhgMr17kqTumMl6Afv3EISleU7qZUzoXDFTAHTDC4NOoG/ZxU3EvlMPQ=="
  "resolved" "https://registry.npmjs.org/has-flag/-/has-flag-4.0.0.tgz"
  "version" "4.0.0"

"is-fullwidth-code-point@^3.0.0":
  "integrity" "sha512-zymm5+u+sCsSWyD9qNaejV3DFvhCKclKdizYaJUuHA83RLjb7nSuGnddCHGv0hk+KY7BMAlsWeK4Ueg6EV6XQg=="
  "resolved" "https://registry.npmjs.org/is-fullwidth-code-point/-/is-fullwidth-code-point-3.0.0.tgz"
  "version" "3.0.0"

"lodash@^4.17.21":
  "integrity" "sha512-v2kDEe57lecTulaDIuNTPy3Ry4gLGJ6Z1O3vE1krgXZNrsQ+LFTGHVxVjcXPs17LhbZVGedAJv8XZ1tvj5FvSg=="
  "resolved" "https://registry.npmjs.org/lodash/-/lodash-4.17.21.tgz"
  "version" "4.17.21"

"require-directory@^2.1.1":
  "integrity" "sha512-fGxEI7+wsG9xrvdjsrlmL22OMTTiHRwAMroiEeMgq8gzoLC/PQr7RsRDSTLUg/bZAZtF+TVIkHc6/4RIKrui+Q=="
  "resolved" "https://registry.npmjs.org/require-directory/-/require-directory-2.1.1.tgz"
  "version" "2.1.1"

"rxjs@^7.0.0":
  "integrity" "sha512-z9MzKh/UcOqB3i20H6rtrlaE/CgjLOvheWK/9ILrbhROGTweAi1BaFsTT9FbwZi5Trr1qNRs+MXkhmR06awzQA=="
  "resolved" "https://registry.npmjs.org/rxjs/-/rxjs-7.5.7.tgz"
  "version" "7.5.7"
  dependencies:
    "tslib" "^2.1.0"

"shell-quote@^1.7.3":
  "integrity" "sha512-8o/QEhSSRb1a5i7TFR0iM4G16Z0vYB2OQVs4G3aAFXjn3T6yEx8AZxy1PgDF7I00LZHYA3WxaSYIf5e5sAX8Rw=="
  "resolved" "https://registry.npmjs.org/shell-quote/-/shell-quote-1.7.4.tgz"
  "version" "1.7.4"

<<<<<<< Updated upstream
"spawn-command@^0.0.2-1":
  "integrity" "sha512-n98l9E2RMSJ9ON1AKisHzz7V42VDiBQGY6PB1BwRglz99wpVsSuGzQ+jOi6lFXBGVTCrRpltvjm+/XA+tpeJrg=="
  "resolved" "https://registry.npmjs.org/spawn-command/-/spawn-command-0.0.2-1.tgz"
  "version" "0.0.2-1"

"string-width@^4.1.0", "string-width@^4.2.0", "string-width@^4.2.3":
  "integrity" "sha512-wKyQRQpjJ0sIp62ErSZdGsjMJWsap5oRNihHhu6G7JVO/9jIB6UyevL+tXuOqrng8j/cxKTWyWUwvSTriiZz/g=="
  "resolved" "https://registry.npmjs.org/string-width/-/string-width-4.2.3.tgz"
  "version" "4.2.3"
=======
axios@^0.21.1:
  version "0.21.4"
  resolved "https://registry.npmjs.org/axios/-/axios-0.21.4.tgz"
  integrity sha512-ut5vewkiu8jjGBdqpM44XxjuCjq9LAKeHVmoVfHVzy8eHgxxq8SbAVQNovDA8mVi05kP0Ea/n/UzcSHcTJQfNg==
  dependencies:
    follow-redirects "^1.14.0"

call-bind@^1.0.0, call-bind@^1.0.2, call-bind@^1.0.4:
  version "1.0.5"
  resolved "https://registry.npmjs.org/call-bind/-/call-bind-1.0.5.tgz"
  integrity sha512-C3nQxfFZxFRVoJoGKKI8y3MOEo129NQ+FgQ08iye+Mk4zNZZGdjfs06bVTr+DBSlA66Q2VEcMki/cUCP4SercQ==
>>>>>>> Stashed changes
  dependencies:
    "emoji-regex" "^8.0.0"
    "is-fullwidth-code-point" "^3.0.0"
    "strip-ansi" "^6.0.1"

"strip-ansi@^6.0.0", "strip-ansi@^6.0.1":
  "integrity" "sha512-Y38VPSHcqkFrCpFnQ9vuSXmquuv5oXOKpGeT6aGrr3o3Gc9AlVa6JBfUSOCnbxGGZF+/0ooI7KrPuUSztUdU5A=="
  "resolved" "https://registry.npmjs.org/strip-ansi/-/strip-ansi-6.0.1.tgz"
  "version" "6.0.1"
  dependencies:
    "ansi-regex" "^5.0.1"

"supports-color@^7.1.0":
  "integrity" "sha512-qpCAvRl9stuOHveKsn7HncJRvv501qIacKzQlO/+Lwxc9+0q2wLyv4Dfvt80/DPn2pqOBsJdDiogXGR9+OvwRw=="
  "resolved" "https://registry.npmjs.org/supports-color/-/supports-color-7.2.0.tgz"
  "version" "7.2.0"
  dependencies:
    "has-flag" "^4.0.0"

"supports-color@^8.1.0":
  "integrity" "sha512-MpUEN2OodtUzxvKQl72cUF7RQ5EiHsGvSsVG0ia9c5RbWGL2CI4C7EpPS8UTBIplnlzZiNuV56w+FuNxy3ty2Q=="
  "resolved" "https://registry.npmjs.org/supports-color/-/supports-color-8.1.1.tgz"
  "version" "8.1.1"
  dependencies:
    "has-flag" "^4.0.0"

"tree-kill@^1.2.2":
  "integrity" "sha512-L0Orpi8qGpRG//Nd+H90vFB+3iHnue1zSSGmNOOCh1GLJ7rUKVwV2HvijphGQS2UmhUZewS9VgvxYIdgr+fG1A=="
  "resolved" "https://registry.npmjs.org/tree-kill/-/tree-kill-1.2.2.tgz"
  "version" "1.2.2"

"tslib@^2.1.0":
  "integrity" "sha512-d6xOpEDfsi2CZVlPQzGeux8XMwLT9hssAsaPYExaQMuYskwb+x1x7J371tWlbBdWHroy99KnVB6qIkUbs5X3UQ=="
  "resolved" "https://registry.npmjs.org/tslib/-/tslib-2.4.0.tgz"
  "version" "2.4.0"

"wrap-ansi@^7.0.0":
  "integrity" "sha512-YVGIj2kamLSTxw6NsZjoBxfSwsn0ycdesmc4p+Q21c5zPuZ1pl+NfxVdxPtdHvmNVOQ6XSYG4AUtyt/Fi7D16Q=="
  "resolved" "https://registry.npmjs.org/wrap-ansi/-/wrap-ansi-7.0.0.tgz"
  "version" "7.0.0"
  dependencies:
    "ansi-styles" "^4.0.0"
    "string-width" "^4.1.0"
    "strip-ansi" "^6.0.0"

"y18n@^5.0.5":
  "integrity" "sha512-0pfFzegeDWJHJIAmTLRP2DwHjdF5s7jo9tuztdQxAhINCdvS+3nGINqPd00AphqJR/0LhANUS6/+7SCb98YOfA=="
  "resolved" "https://registry.npmjs.org/y18n/-/y18n-5.0.8.tgz"
  "version" "5.0.8"

"yargs-parser@^21.0.0":
  "integrity" "sha512-tVpsJW7DdjecAiFpbIB1e3qxIQsE6NoPc5/eTdrbbIC4h0LVsWhnoa3g+m2HclBIujHzsxZ4VJVA+GUuc2/LBw=="
  "resolved" "https://registry.npmjs.org/yargs-parser/-/yargs-parser-21.1.1.tgz"
  "version" "21.1.1"

"yargs@^17.3.1":
  "integrity" "sha512-8H/wTDqlSwoSnScvV2N/JHfLWOKuh5MVla9hqLjK3nsfyy6Y4kDSYSvkU5YCUEPOSnRXfIyx3Sq+B/IWudTo4g=="
  "resolved" "https://registry.npmjs.org/yargs/-/yargs-17.6.0.tgz"
  "version" "17.6.0"
  dependencies:
<<<<<<< Updated upstream
    "cliui" "^8.0.1"
    "escalade" "^3.1.1"
    "get-caller-file" "^2.0.5"
    "require-directory" "^2.1.1"
    "string-width" "^4.2.3"
    "y18n" "^5.0.5"
    "yargs-parser" "^21.0.0"
=======
    node-fetch "^2.6.12"

date-fns@^2.29.1:
  version "2.29.3"
  resolved "https://registry.npmjs.org/date-fns/-/date-fns-2.29.3.tgz"
  integrity sha512-dDCnyH2WnnKusqvZZ6+jA1O51Ibt8ZMRNkDZdyAyK4YfbDwa/cEmuztzG5pk6hqlp9aSBPYcjOlktquahGwGeA==

define-data-property@^1.1.1:
  version "1.1.1"
  resolved "https://registry.npmjs.org/define-data-property/-/define-data-property-1.1.1.tgz"
  integrity sha512-E7uGkTzkk1d0ByLeSc6ZsFS79Axg+m1P/VsgYsxHgiuc3tFSj+MjMIwe90FC4lOAZzNBdY7kkO2P2wKdsQ1vgQ==
  dependencies:
    get-intrinsic "^1.2.1"
    gopd "^1.0.1"
    has-property-descriptors "^1.0.0"

emoji-regex@^8.0.0:
  version "8.0.0"
  resolved "https://registry.npmjs.org/emoji-regex/-/emoji-regex-8.0.0.tgz"
  integrity sha512-MSjYzcWNOA0ewAHpz0MxpYFvwg6yjy1NG3xteoqz644VCo/RPgnr1/GGt+ic3iJTzQ8Eu3TdM14SawnVUmGE6A==

escalade@^3.1.1:
  version "3.1.1"
  resolved "https://registry.npmjs.org/escalade/-/escalade-3.1.1.tgz"
  integrity sha512-k0er2gUkLf8O0zKJiAhmkTnJlTvINGv7ygDNPbeIsX/TJjGJZHuh9B2UxbsaEkmlEo9MfhrSzmhIlhRlI2GXnw==

ethereum-cryptography@^2.0.0:
  version "2.1.2"
  resolved "https://registry.npmjs.org/ethereum-cryptography/-/ethereum-cryptography-2.1.2.tgz"
  integrity sha512-Z5Ba0T0ImZ8fqXrJbpHcbpAvIswRte2wGNR/KePnu8GbbvgJ47lMxT/ZZPG6i9Jaht4azPDop4HaM00J0J59ug==
  dependencies:
    "@noble/curves" "1.1.0"
    "@noble/hashes" "1.3.1"
    "@scure/bip32" "1.3.1"
    "@scure/bip39" "1.2.1"

follow-redirects@^1.14.0:
  version "1.15.3"
  resolved "https://registry.npmjs.org/follow-redirects/-/follow-redirects-1.15.3.tgz"
  integrity sha512-1VzOtuEM8pC9SFU1E+8KfTjZyMztRsgEfwQl44z8A25uy13jSzTj6dyK2Df52iV0vgHCfBwLhDWevLn95w5v6Q==

for-each@^0.3.3:
  version "0.3.3"
  resolved "https://registry.npmjs.org/for-each/-/for-each-0.3.3.tgz"
  integrity sha512-jqYfLp7mo9vIyQf8ykW2v7A+2N4QjeCeI5+Dz9XraiO1ign81wjiH7Fb9vSOWvQfNtmSa4H2RoQTrrXivdUZmw==
  dependencies:
    is-callable "^1.1.3"

function-bind@^1.1.2:
  version "1.1.2"
  resolved "https://registry.npmjs.org/function-bind/-/function-bind-1.1.2.tgz"
  integrity sha512-7XHNxH7qX9xG5mIwxkhumTox/MIRNcOgDrxWsMt2pAr23WHp6MrRlN7FBSFpCpr+oVO0F744iUgR82nJMfG2SA==

get-caller-file@^2.0.5:
  version "2.0.5"
  resolved "https://registry.npmjs.org/get-caller-file/-/get-caller-file-2.0.5.tgz"
  integrity sha512-DyFP3BM/3YHTQOCUL/w0OZHR0lpKeGrxotcHWcqNEdnltqFwXVfhEBQ94eIo34AfQpo0rGki4cyIiftY06h2Fg==

get-intrinsic@^1.0.2, get-intrinsic@^1.1.3, get-intrinsic@^1.2.1, get-intrinsic@^1.2.2:
  version "1.2.2"
  resolved "https://registry.npmjs.org/get-intrinsic/-/get-intrinsic-1.2.2.tgz"
  integrity sha512-0gSo4ml/0j98Y3lngkFEot/zhiCeWsbYIlZ+uZOVgzLyLaUw7wxUL+nCTP0XJvJg1AXulJRI3UJi8GsbDuxdGA==
  dependencies:
    function-bind "^1.1.2"
    has-proto "^1.0.1"
    has-symbols "^1.0.3"
    hasown "^2.0.0"

gopd@^1.0.1:
  version "1.0.1"
  resolved "https://registry.npmjs.org/gopd/-/gopd-1.0.1.tgz"
  integrity sha512-d65bNlIadxvpb/A2abVdlqKqV563juRnZ1Wtk6s1sIR8uNsXR70xqIzVqxVf1eTqDunwT2MkczEeaezCKTZhwA==
  dependencies:
    get-intrinsic "^1.1.3"

has-flag@^4.0.0:
  version "4.0.0"
  resolved "https://registry.npmjs.org/has-flag/-/has-flag-4.0.0.tgz"
  integrity sha512-EykJT/Q1KjTWctppgIAgfSO0tKVuZUjhgMr17kqTumMl6Afv3EISleU7qZUzoXDFTAHTDC4NOoG/ZxU3EvlMPQ==

has-property-descriptors@^1.0.0:
  version "1.0.1"
  resolved "https://registry.npmjs.org/has-property-descriptors/-/has-property-descriptors-1.0.1.tgz"
  integrity sha512-VsX8eaIewvas0xnvinAe9bw4WfIeODpGYikiWYLH+dma0Jw6KHYqWiWfhQlgOVK8D6PvjubK5Uc4P0iIhIcNVg==
  dependencies:
    get-intrinsic "^1.2.2"

has-proto@^1.0.1:
  version "1.0.1"
  resolved "https://registry.npmjs.org/has-proto/-/has-proto-1.0.1.tgz"
  integrity sha512-7qE+iP+O+bgF9clE5+UoBFzE65mlBiVj3tKCrlNQ0Ogwm0BjpT/gK4SlLYDMybDh5I3TCTKnPPa0oMG7JDYrhg==

has-symbols@^1.0.2, has-symbols@^1.0.3:
  version "1.0.3"
  resolved "https://registry.npmjs.org/has-symbols/-/has-symbols-1.0.3.tgz"
  integrity sha512-l3LCuF6MgDNwTDKkdYGEihYjt5pRPbEg46rtlmnSPlUbgmB8LOIrKJbYYFBSbnPaJexMKtiPO8hmeRjRz2Td+A==

has-tostringtag@^1.0.0:
  version "1.0.0"
  resolved "https://registry.npmjs.org/has-tostringtag/-/has-tostringtag-1.0.0.tgz"
  integrity sha512-kFjcSNhnlGV1kyoGk7OXKSawH5JOb/LzUc5w9B02hOTO0dfFRjbHQKvg1d6cf3HbeUmtU9VbbV3qzZ2Teh97WQ==
  dependencies:
    has-symbols "^1.0.2"

hasown@^2.0.0:
  version "2.0.0"
  resolved "https://registry.npmjs.org/hasown/-/hasown-2.0.0.tgz"
  integrity sha512-vUptKVTpIJhcczKBbgnS+RtcuYMB8+oNzPK2/Hp3hanz8JmpATdmmgLgSaadVREkDm+e2giHwY3ZRkyjSIDDFA==
  dependencies:
    function-bind "^1.1.2"

inherits@^2.0.3:
  version "2.0.4"
  resolved "https://registry.npmjs.org/inherits/-/inherits-2.0.4.tgz"
  integrity sha512-k/vGaX4/Yla3WzyMCvTQOXYeIHvqOKtnqBduzTHpzpQZzAskKMhZ2K+EnBiSM9zGSoIFeMpXKxa4dYeZIQqewQ==

is-arguments@^1.0.4:
  version "1.1.1"
  resolved "https://registry.npmjs.org/is-arguments/-/is-arguments-1.1.1.tgz"
  integrity sha512-8Q7EARjzEnKpt/PCD7e1cgUS0a6X8u5tdSiMqXhojOdoV9TsMsiO+9VLC5vAmO8N7/GmXn7yjR8qnA6bVAEzfA==
  dependencies:
    call-bind "^1.0.2"
    has-tostringtag "^1.0.0"

is-callable@^1.1.3:
  version "1.2.7"
  resolved "https://registry.npmjs.org/is-callable/-/is-callable-1.2.7.tgz"
  integrity sha512-1BC0BVFhS/p0qtw6enp8e+8OD0UrK0oFLztSjNzhcKA3WDuJxxAPXzPuPtKkjEY9UUoEWlX/8fgKeu2S8i9JTA==

is-fullwidth-code-point@^3.0.0:
  version "3.0.0"
  resolved "https://registry.npmjs.org/is-fullwidth-code-point/-/is-fullwidth-code-point-3.0.0.tgz"
  integrity sha512-zymm5+u+sCsSWyD9qNaejV3DFvhCKclKdizYaJUuHA83RLjb7nSuGnddCHGv0hk+KY7BMAlsWeK4Ueg6EV6XQg==

is-generator-function@^1.0.7:
  version "1.0.10"
  resolved "https://registry.npmjs.org/is-generator-function/-/is-generator-function-1.0.10.tgz"
  integrity sha512-jsEjy9l3yiXEQ+PsXdmBwEPcOxaXWLspKdplFUVI9vq1iZgIekeC0L167qeu86czQaxed3q/Uzuw0swL0irL8A==
  dependencies:
    has-tostringtag "^1.0.0"

is-typed-array@^1.1.3:
  version "1.1.12"
  resolved "https://registry.npmjs.org/is-typed-array/-/is-typed-array-1.1.12.tgz"
  integrity sha512-Z14TF2JNG8Lss5/HMqt0//T9JeHXttXy5pH/DBU4vi98ozO2btxzq9MwYDZYnKwU8nRsz/+GVFVRDq3DkVuSPg==
  dependencies:
    which-typed-array "^1.1.11"

isomorphic-ws@^5.0.0:
  version "5.0.0"
  resolved "https://registry.npmjs.org/isomorphic-ws/-/isomorphic-ws-5.0.0.tgz"
  integrity sha512-muId7Zzn9ywDsyXgTIafTry2sV3nySZeUDe6YedVd1Hvuuep5AsIlqK+XefWpYTyJG5e503F2xIuT2lcU6rCSw==

lodash@^4.17.21:
  version "4.17.21"
  resolved "https://registry.npmjs.org/lodash/-/lodash-4.17.21.tgz"
  integrity sha512-v2kDEe57lecTulaDIuNTPy3Ry4gLGJ6Z1O3vE1krgXZNrsQ+LFTGHVxVjcXPs17LhbZVGedAJv8XZ1tvj5FvSg==

node-fetch@^2.6.12:
  version "2.7.0"
  resolved "https://registry.npmjs.org/node-fetch/-/node-fetch-2.7.0.tgz"
  integrity sha512-c4FRfUm/dbcWZ7U+1Wq0AwCyFL+3nt2bEw05wfxSz+DWpWsitgmSgYmy2dQdWyKC1694ELPqMs/YzUSNozLt8A==
  dependencies:
    whatwg-url "^5.0.0"

object-inspect@^1.9.0:
  version "1.13.1"
  resolved "https://registry.npmjs.org/object-inspect/-/object-inspect-1.13.1.tgz"
  integrity sha512-5qoj1RUiKOMsCCNLV1CBiPYE10sziTsnmNxkAI/rZhiD63CF7IqdFGC/XzjWjpSgLf0LxXX3bDFIh0E18f6UhQ==

pokemontcgsdk@^2.0.0:
  version "2.0.0"
  resolved "https://registry.npmjs.org/pokemontcgsdk/-/pokemontcgsdk-2.0.0.tgz"
  integrity sha512-RKSQ0sdR+WeawGHq6AwyprGD7btfDHTplNsiKTah+yd90XuL1dh8eqOYfam/VaJolam/061ITaLAPgPwyXS/EA==
  dependencies:
    axios "^0.21.1"
    qs "^6.9.6"

qs@^6.9.6:
  version "6.11.2"
  resolved "https://registry.npmjs.org/qs/-/qs-6.11.2.tgz"
  integrity sha512-tDNIz22aBzCDxLtVH++VnTfzxlfeK5CbqohpSqpJgj1Wg/cQbStNAz3NuqCs5vV+pjBsK4x4pN9HlVh7rcYRiA==
  dependencies:
    side-channel "^1.0.4"

require-directory@^2.1.1:
  version "2.1.1"
  resolved "https://registry.npmjs.org/require-directory/-/require-directory-2.1.1.tgz"
  integrity sha512-fGxEI7+wsG9xrvdjsrlmL22OMTTiHRwAMroiEeMgq8gzoLC/PQr7RsRDSTLUg/bZAZtF+TVIkHc6/4RIKrui+Q==

rxjs@^7.0.0:
  version "7.5.7"
  resolved "https://registry.npmjs.org/rxjs/-/rxjs-7.5.7.tgz"
  integrity sha512-z9MzKh/UcOqB3i20H6rtrlaE/CgjLOvheWK/9ILrbhROGTweAi1BaFsTT9FbwZi5Trr1qNRs+MXkhmR06awzQA==
  dependencies:
    tslib "^2.1.0"

set-function-length@^1.1.1:
  version "1.1.1"
  resolved "https://registry.npmjs.org/set-function-length/-/set-function-length-1.1.1.tgz"
  integrity sha512-VoaqjbBJKiWtg4yRcKBQ7g7wnGnLV3M8oLvVWwOk2PdYY6PEFegR1vezXR0tw6fZGF9csVakIRjrJiy2veSBFQ==
  dependencies:
    define-data-property "^1.1.1"
    get-intrinsic "^1.2.1"
    gopd "^1.0.1"
    has-property-descriptors "^1.0.0"

setimmediate@^1.0.5:
  version "1.0.5"
  resolved "https://registry.npmjs.org/setimmediate/-/setimmediate-1.0.5.tgz"
  integrity sha512-MATJdZp8sLqDl/68LfQmbP8zKPLQNV6BIZoIgrscFDQ+RsvK/BxeDQOgyxKKoh0y/8h3BqVFnCqQ/gd+reiIXA==

shell-quote@^1.7.3:
  version "1.7.4"
  resolved "https://registry.npmjs.org/shell-quote/-/shell-quote-1.7.4.tgz"
  integrity sha512-8o/QEhSSRb1a5i7TFR0iM4G16Z0vYB2OQVs4G3aAFXjn3T6yEx8AZxy1PgDF7I00LZHYA3WxaSYIf5e5sAX8Rw==

side-channel@^1.0.4:
  version "1.0.4"
  resolved "https://registry.npmjs.org/side-channel/-/side-channel-1.0.4.tgz"
  integrity sha512-q5XPytqFEIKHkGdiMIrY10mvLRvnQh42/+GoBlFW3b2LXLE2xxJpZFdm94we0BaoV3RwJyGqg5wS7epxTv0Zvw==
  dependencies:
    call-bind "^1.0.0"
    get-intrinsic "^1.0.2"
    object-inspect "^1.9.0"

spawn-command@^0.0.2-1:
  version "0.0.2-1"
  resolved "https://registry.npmjs.org/spawn-command/-/spawn-command-0.0.2-1.tgz"
  integrity sha512-n98l9E2RMSJ9ON1AKisHzz7V42VDiBQGY6PB1BwRglz99wpVsSuGzQ+jOi6lFXBGVTCrRpltvjm+/XA+tpeJrg==

string-width@^4.1.0, string-width@^4.2.0, string-width@^4.2.3:
  version "4.2.3"
  resolved "https://registry.npmjs.org/string-width/-/string-width-4.2.3.tgz"
  integrity sha512-wKyQRQpjJ0sIp62ErSZdGsjMJWsap5oRNihHhu6G7JVO/9jIB6UyevL+tXuOqrng8j/cxKTWyWUwvSTriiZz/g==
  dependencies:
    emoji-regex "^8.0.0"
    is-fullwidth-code-point "^3.0.0"
    strip-ansi "^6.0.1"

strip-ansi@^6.0.0, strip-ansi@^6.0.1:
  version "6.0.1"
  resolved "https://registry.npmjs.org/strip-ansi/-/strip-ansi-6.0.1.tgz"
  integrity sha512-Y38VPSHcqkFrCpFnQ9vuSXmquuv5oXOKpGeT6aGrr3o3Gc9AlVa6JBfUSOCnbxGGZF+/0ooI7KrPuUSztUdU5A==
  dependencies:
    ansi-regex "^5.0.1"

supports-color@^7.1.0:
  version "7.2.0"
  resolved "https://registry.npmjs.org/supports-color/-/supports-color-7.2.0.tgz"
  integrity sha512-qpCAvRl9stuOHveKsn7HncJRvv501qIacKzQlO/+Lwxc9+0q2wLyv4Dfvt80/DPn2pqOBsJdDiogXGR9+OvwRw==
  dependencies:
    has-flag "^4.0.0"

supports-color@^8.1.0:
  version "8.1.1"
  resolved "https://registry.npmjs.org/supports-color/-/supports-color-8.1.1.tgz"
  integrity sha512-MpUEN2OodtUzxvKQl72cUF7RQ5EiHsGvSsVG0ia9c5RbWGL2CI4C7EpPS8UTBIplnlzZiNuV56w+FuNxy3ty2Q==
  dependencies:
    has-flag "^4.0.0"

tr46@~0.0.3:
  version "0.0.3"
  resolved "https://registry.npmjs.org/tr46/-/tr46-0.0.3.tgz"
  integrity sha512-N3WMsuqV66lT30CrXNbEjx4GEwlow3v6rr4mCcv6prnfwhS01rkgyFdjPNBYd9br7LpXV1+Emh01fHnq2Gdgrw==

tree-kill@^1.2.2:
  version "1.2.2"
  resolved "https://registry.npmjs.org/tree-kill/-/tree-kill-1.2.2.tgz"
  integrity sha512-L0Orpi8qGpRG//Nd+H90vFB+3iHnue1zSSGmNOOCh1GLJ7rUKVwV2HvijphGQS2UmhUZewS9VgvxYIdgr+fG1A==

tslib@^2.1.0:
  version "2.4.0"
  resolved "https://registry.npmjs.org/tslib/-/tslib-2.4.0.tgz"
  integrity sha512-d6xOpEDfsi2CZVlPQzGeux8XMwLT9hssAsaPYExaQMuYskwb+x1x7J371tWlbBdWHroy99KnVB6qIkUbs5X3UQ==

undici-types@~5.26.4:
  version "5.26.5"
  resolved "https://registry.npmjs.org/undici-types/-/undici-types-5.26.5.tgz"
  integrity sha512-JlCMO+ehdEIKqlFxk6IfVoAUVmgz7cU7zD/h9XZ0qzeosSHmUJVOzSQvvYSYWXkFXC+IfLKSIffhv0sVZup6pA==

util@^0.12.5:
  version "0.12.5"
  resolved "https://registry.npmjs.org/util/-/util-0.12.5.tgz"
  integrity sha512-kZf/K6hEIrWHI6XqOFUiiMa+79wE/D8Q+NCNAWclkyg3b4d2k7s0QGepNjiABc+aR3N1PAyHL7p6UcLY6LmrnA==
  dependencies:
    inherits "^2.0.3"
    is-arguments "^1.0.4"
    is-generator-function "^1.0.7"
    is-typed-array "^1.1.3"
    which-typed-array "^1.1.2"

web3-core@^4.3.0:
  version "4.3.0"
  resolved "https://registry.npmjs.org/web3-core/-/web3-core-4.3.0.tgz"
  integrity sha512-//cy1W780nkMXd/9g2+GIa7KlHMuE+PJPhPD4NdwpUxvtQni6GkXSxtFnImZufyGVP+BpO5g7QneiSeu5ce+IQ==
  dependencies:
    web3-errors "^1.1.3"
    web3-eth-iban "^4.0.7"
    web3-providers-http "^4.1.0"
    web3-providers-ws "^4.0.7"
    web3-types "^1.3.0"
    web3-utils "^4.0.7"
    web3-validator "^2.0.3"
  optionalDependencies:
    web3-providers-ipc "^4.0.7"

web3-errors@^1.1.3:
  version "1.1.3"
  resolved "https://registry.npmjs.org/web3-errors/-/web3-errors-1.1.3.tgz"
  integrity sha512-3GA4leG6XsKLmFWe62mIjVgW4GhkJmvd4IaRLgnKtNnqNmx6L9YWysYwgQ09BaD/NmhKN+AtalSVRds8gU+N0w==
  dependencies:
    web3-types "^1.3.0"

web3-eth-abi@^4.1.4:
  version "4.1.4"
  resolved "https://registry.npmjs.org/web3-eth-abi/-/web3-eth-abi-4.1.4.tgz"
  integrity sha512-YLOBVVxxxLYKXjaiwZjEWYEnkMmmrm0nswZsvzSsINy/UgbWbzfoiZU+zn4YNWIEhORhx1p37iS3u/dP6VyC2w==
  dependencies:
    abitype "0.7.1"
    web3-errors "^1.1.3"
    web3-types "^1.3.0"
    web3-utils "^4.0.7"
    web3-validator "^2.0.3"

web3-eth-accounts@^4.1.0:
  version "4.1.0"
  resolved "https://registry.npmjs.org/web3-eth-accounts/-/web3-eth-accounts-4.1.0.tgz"
  integrity sha512-UFtAsOANsvihTQ6SSvOKguupmQkResyR9M9JNuOxYpKh7+3W+sTnbLXw2UbOSYIsKlc1mpqqW9bVr1SjqHDpUQ==
  dependencies:
    "@ethereumjs/rlp" "^4.0.1"
    crc-32 "^1.2.2"
    ethereum-cryptography "^2.0.0"
    web3-errors "^1.1.3"
    web3-types "^1.3.0"
    web3-utils "^4.0.7"
    web3-validator "^2.0.3"

web3-eth-contract@^4.1.2:
  version "4.1.2"
  resolved "https://registry.npmjs.org/web3-eth-contract/-/web3-eth-contract-4.1.2.tgz"
  integrity sha512-kVcMIurY4buNOfVhuE1Gg8NmSo5EmAOgBwECwU6lE8xUkbWAC6nhJGX1fgZjoC075HnSr89G1zgwlePyEdC0wQ==
  dependencies:
    web3-core "^4.3.0"
    web3-errors "^1.1.3"
    web3-eth "^4.3.1"
    web3-eth-abi "^4.1.4"
    web3-types "^1.3.0"
    web3-utils "^4.0.7"
    web3-validator "^2.0.3"

web3-eth-ens@^4.0.8:
  version "4.0.8"
  resolved "https://registry.npmjs.org/web3-eth-ens/-/web3-eth-ens-4.0.8.tgz"
  integrity sha512-nj0JfeD45BbzVJcVYpUJnSo8iwDcY9CQ7CZhhIVVOFjvpMAPw0zEwjTvZEIQyCW61OoDG9xcBzwxe2tZoYhMRw==
  dependencies:
    "@adraffy/ens-normalize" "^1.8.8"
    web3-core "^4.3.0"
    web3-errors "^1.1.3"
    web3-eth "^4.3.1"
    web3-eth-contract "^4.1.2"
    web3-net "^4.0.7"
    web3-types "^1.3.0"
    web3-utils "^4.0.7"
    web3-validator "^2.0.3"

web3-eth-iban@^4.0.7:
  version "4.0.7"
  resolved "https://registry.npmjs.org/web3-eth-iban/-/web3-eth-iban-4.0.7.tgz"
  integrity sha512-8weKLa9KuKRzibC87vNLdkinpUE30gn0IGY027F8doeJdcPUfsa4IlBgNC4k4HLBembBB2CTU0Kr/HAOqMeYVQ==
  dependencies:
    web3-errors "^1.1.3"
    web3-types "^1.3.0"
    web3-utils "^4.0.7"
    web3-validator "^2.0.3"

web3-eth-personal@^4.0.8:
  version "4.0.8"
  resolved "https://registry.npmjs.org/web3-eth-personal/-/web3-eth-personal-4.0.8.tgz"
  integrity sha512-sXeyLKJ7ddQdMxz1BZkAwImjqh7OmKxhXoBNF3isDmD4QDpMIwv/t237S3q4Z0sZQamPa/pHebJRWVuvP8jZdw==
  dependencies:
    web3-core "^4.3.0"
    web3-eth "^4.3.1"
    web3-rpc-methods "^1.1.3"
    web3-types "^1.3.0"
    web3-utils "^4.0.7"
    web3-validator "^2.0.3"

web3-eth@^4.3.1:
  version "4.3.1"
  resolved "https://registry.npmjs.org/web3-eth/-/web3-eth-4.3.1.tgz"
  integrity sha512-zJir3GOXooHQT85JB8SrufE+Voo5TtXdjhf1D8IGXmxM8MrhI8AT+Pgt4siBTupJcu5hF17iGmTP/Nj2XnaibQ==
  dependencies:
    setimmediate "^1.0.5"
    web3-core "^4.3.0"
    web3-errors "^1.1.3"
    web3-eth-abi "^4.1.4"
    web3-eth-accounts "^4.1.0"
    web3-net "^4.0.7"
    web3-providers-ws "^4.0.7"
    web3-rpc-methods "^1.1.3"
    web3-types "^1.3.0"
    web3-utils "^4.0.7"
    web3-validator "^2.0.3"

web3-net@^4.0.7:
  version "4.0.7"
  resolved "https://registry.npmjs.org/web3-net/-/web3-net-4.0.7.tgz"
  integrity sha512-SzEaXFrBjY25iQGk5myaOfO9ZyfTwQEa4l4Ps4HDNVMibgZji3WPzpjq8zomVHMwi8bRp6VV7YS71eEsX7zLow==
  dependencies:
    web3-core "^4.3.0"
    web3-rpc-methods "^1.1.3"
    web3-types "^1.3.0"
    web3-utils "^4.0.7"

web3-providers-http@^4.1.0:
  version "4.1.0"
  resolved "https://registry.npmjs.org/web3-providers-http/-/web3-providers-http-4.1.0.tgz"
  integrity sha512-6qRUGAhJfVQM41E5t+re5IHYmb5hSaLc02BE2MaRQsz2xKA6RjmHpOA5h/+ojJxEpI9NI2CrfDKOAgtJfoUJQg==
  dependencies:
    cross-fetch "^4.0.0"
    web3-errors "^1.1.3"
    web3-types "^1.3.0"
    web3-utils "^4.0.7"

web3-providers-ipc@^4.0.7:
  version "4.0.7"
  resolved "https://registry.npmjs.org/web3-providers-ipc/-/web3-providers-ipc-4.0.7.tgz"
  integrity sha512-YbNqY4zUvIaK2MHr1lQFE53/8t/ejHtJchrWn9zVbFMGXlTsOAbNoIoZWROrg1v+hCBvT2c9z8xt7e/+uz5p1g==
  dependencies:
    web3-errors "^1.1.3"
    web3-types "^1.3.0"
    web3-utils "^4.0.7"

web3-providers-ws@^4.0.7:
  version "4.0.7"
  resolved "https://registry.npmjs.org/web3-providers-ws/-/web3-providers-ws-4.0.7.tgz"
  integrity sha512-n4Dal9/rQWjS7d6LjyEPM2R458V8blRm0eLJupDEJOOIBhGYlxw5/4FthZZ/cqB7y/sLVi7K09DdYx2MeRtU5w==
  dependencies:
    "@types/ws" "8.5.3"
    isomorphic-ws "^5.0.0"
    web3-errors "^1.1.3"
    web3-types "^1.3.0"
    web3-utils "^4.0.7"
    ws "^8.8.1"

web3-rpc-methods@^1.1.3:
  version "1.1.3"
  resolved "https://registry.npmjs.org/web3-rpc-methods/-/web3-rpc-methods-1.1.3.tgz"
  integrity sha512-XB6SsCZZPdZUMPIRqDxJkZFKMu0/Y+yaExAt+Z7RqmuM7xF55fJ/Qb84LQho8zarvUoYziy4jnIfs+SXImxQUw==
  dependencies:
    web3-core "^4.3.0"
    web3-types "^1.3.0"
    web3-validator "^2.0.3"

web3-types@^1.3.0:
  version "1.3.0"
  resolved "https://registry.npmjs.org/web3-types/-/web3-types-1.3.0.tgz"
  integrity sha512-ReRq6D0w6Mr6PkC8mtn6JwBgbVAobPFYNWFO994C7LzTNweYQegb0peri5KMpEHQm2iG2tQbiIyAAeseIohc2Q==

web3-utils@^4.0.7:
  version "4.0.7"
  resolved "https://registry.npmjs.org/web3-utils/-/web3-utils-4.0.7.tgz"
  integrity sha512-sy8S6C2FIa5NNHc8DjND+Fx3S8KDAizuh5RbL1RX3h0PRbFgPfWzF5RfUns8gTt0mjJuOhs/IaDhrZfeTszG5A==
  dependencies:
    ethereum-cryptography "^2.0.0"
    web3-errors "^1.1.3"
    web3-types "^1.3.0"
    web3-validator "^2.0.3"

web3-validator@^2.0.3:
  version "2.0.3"
  resolved "https://registry.npmjs.org/web3-validator/-/web3-validator-2.0.3.tgz"
  integrity sha512-fJbAQh+9LSNWy+l5Ze6HABreml8fra98o5+vS073T35jUcLbRZ0IOjF/ZPJhJNbJDt+jP1vseZsc3z3uX9mxxQ==
  dependencies:
    ethereum-cryptography "^2.0.0"
    util "^0.12.5"
    web3-errors "^1.1.3"
    web3-types "^1.3.0"
    zod "^3.21.4"

web3@^4.2.1:
  version "4.2.1"
  resolved "https://registry.npmjs.org/web3/-/web3-4.2.1.tgz"
  integrity sha512-zSB+Ds1lSMu/IhAX0xKhiFI7ZA1BQ6y2WOqFE9ikqPjaMkpOEBBkl61nzWfLJRoerTB1ohEXAP20jLDXcFd4hQ==
  dependencies:
    web3-core "^4.3.0"
    web3-errors "^1.1.3"
    web3-eth "^4.3.1"
    web3-eth-abi "^4.1.4"
    web3-eth-accounts "^4.1.0"
    web3-eth-contract "^4.1.2"
    web3-eth-ens "^4.0.8"
    web3-eth-iban "^4.0.7"
    web3-eth-personal "^4.0.8"
    web3-net "^4.0.7"
    web3-providers-http "^4.1.0"
    web3-providers-ws "^4.0.7"
    web3-rpc-methods "^1.1.3"
    web3-types "^1.3.0"
    web3-utils "^4.0.7"
    web3-validator "^2.0.3"

webidl-conversions@^3.0.0:
  version "3.0.1"
  resolved "https://registry.npmjs.org/webidl-conversions/-/webidl-conversions-3.0.1.tgz"
  integrity sha512-2JAn3z8AR6rjK8Sm8orRC0h/bcl/DqL7tRPdGZ4I1CjdF+EaMLmYxBHyXuKL849eucPFhvBoxMsflfOb8kxaeQ==

whatwg-url@^5.0.0:
  version "5.0.0"
  resolved "https://registry.npmjs.org/whatwg-url/-/whatwg-url-5.0.0.tgz"
  integrity sha512-saE57nupxk6v3HY35+jzBwYa0rKSy0XR8JSxZPwgLr7ys0IBzhGviA1/TUGJLmSVqs8pb9AnvICXEuOHLprYTw==
  dependencies:
    tr46 "~0.0.3"
    webidl-conversions "^3.0.0"

which-typed-array@^1.1.11, which-typed-array@^1.1.2:
  version "1.1.13"
  resolved "https://registry.npmjs.org/which-typed-array/-/which-typed-array-1.1.13.tgz"
  integrity sha512-P5Nra0qjSncduVPEAr7xhoF5guty49ArDTwzJ/yNuPIbZppyRxFQsRCWrocxIY+CnMVG+qfbU2FmDKyvSGClow==
  dependencies:
    available-typed-arrays "^1.0.5"
    call-bind "^1.0.4"
    for-each "^0.3.3"
    gopd "^1.0.1"
    has-tostringtag "^1.0.0"

wrap-ansi@^7.0.0:
  version "7.0.0"
  resolved "https://registry.npmjs.org/wrap-ansi/-/wrap-ansi-7.0.0.tgz"
  integrity sha512-YVGIj2kamLSTxw6NsZjoBxfSwsn0ycdesmc4p+Q21c5zPuZ1pl+NfxVdxPtdHvmNVOQ6XSYG4AUtyt/Fi7D16Q==
  dependencies:
    ansi-styles "^4.0.0"
    string-width "^4.1.0"
    strip-ansi "^6.0.0"

ws@^8.8.1:
  version "8.14.2"
  resolved "https://registry.npmjs.org/ws/-/ws-8.14.2.tgz"
  integrity sha512-wEBG1ftX4jcglPxgFCMJmZ2PLtSbJ2Peg6TmpJFTbe9GZYOQCDPdMYu/Tm0/bGZkw8paZnJY45J4K2PZrLYq8g==

y18n@^5.0.5:
  version "5.0.8"
  resolved "https://registry.npmjs.org/y18n/-/y18n-5.0.8.tgz"
  integrity sha512-0pfFzegeDWJHJIAmTLRP2DwHjdF5s7jo9tuztdQxAhINCdvS+3nGINqPd00AphqJR/0LhANUS6/+7SCb98YOfA==

yargs-parser@^21.0.0:
  version "21.1.1"
  resolved "https://registry.npmjs.org/yargs-parser/-/yargs-parser-21.1.1.tgz"
  integrity sha512-tVpsJW7DdjecAiFpbIB1e3qxIQsE6NoPc5/eTdrbbIC4h0LVsWhnoa3g+m2HclBIujHzsxZ4VJVA+GUuc2/LBw==

yargs@^17.3.1:
  version "17.6.0"
  resolved "https://registry.npmjs.org/yargs/-/yargs-17.6.0.tgz"
  integrity sha512-8H/wTDqlSwoSnScvV2N/JHfLWOKuh5MVla9hqLjK3nsfyy6Y4kDSYSvkU5YCUEPOSnRXfIyx3Sq+B/IWudTo4g==
  dependencies:
    cliui "^8.0.1"
    escalade "^3.1.1"
    get-caller-file "^2.0.5"
    require-directory "^2.1.1"
    string-width "^4.2.3"
    y18n "^5.0.5"
    yargs-parser "^21.0.0"

zod@^3.21.4:
  version "3.22.4"
  resolved "https://registry.npmjs.org/zod/-/zod-3.22.4.tgz"
  integrity sha512-iC+8Io04lddc+mVqQ9AZ7OQ2MrUKGN+oIQyq1vemgt46jwCwLfhq7/pwnBnNXXXZb8VTVLKwp9EDkx+ryxIWmg==
>>>>>>> Stashed changes
